{
  "name": "sara-portfolio",
  "version": "0.1.0",
  "lockfileVersion": 3,
  "requires": true,
  "packages": {
    "": {
      "dependencies": {
        "gsap": "file:gsap-bonus.tgz"
      }
    },
    "node_modules/gsap": {
      "version": "3.12.4",
      "resolved": "file:gsap-bonus.tgz",
      "integrity": "sha512-zQWQWzXbfOXSyZmO6A1AwqQQiavdMeeAIXR0xKkuXN9T7luR3q+X1umVcSSh2opYj0eTfG75fg9OrKi/eq9ktQ==",
      "license": "This package should only be used by individuals/companies with an active Club GreenSock membership. See https://greensock.com/club/. Licensing: https://greensock.com/licensing/"
    }
  }
}
